<?xml version="1.0" encoding="utf-8"?>
<Project ToolsVersion="4.0" xmlns="http://schemas.microsoft.com/developer/msbuild/2003">
  <ItemGroup>
    <Filter Include="framework"><UniqueIdentifier>{a1111111-1111-4111-8111-111111111111}</UniqueIdentifier></Filter>
    <Filter Include="unit"><UniqueIdentifier>{a2222222-2222-4222-8222-222222222222}</UniqueIdentifier></Filter>
    <Filter Include="component"><UniqueIdentifier>{a3333333-3333-4333-8333-333333333333}</UniqueIdentifier></Filter>
  </ItemGroup>
  <ItemGroup>
    <ClCompile Include="framework\TestMain.cpp"><Filter>framework</Filter></ClCompile>
    <ClCompile Include="unit\GeometryTests.cpp"><Filter>unit</Filter></ClCompile>
    <ClCompile Include="unit\StackPanelTests.cpp"><Filter>unit</Filter></ClCompile>
    <ClCompile Include="unit\WrapPanelTests.cpp"><Filter>unit</Filter></ClCompile>
    <ClCompile Include="unit\GridTests.cpp"><Filter>unit</Filter></ClCompile>
    <ClCompile Include="unit\CanvasTests.cpp"><Filter>unit</Filter></ClCompile>
    <ClCompile Include="unit\CanvasRightBottomTests.cpp"><Filter>unit</Filter></ClCompile>
    <ClCompile Include="unit\CanvasZIndexTests.cpp"><Filter>unit</Filter></ClCompile>
    <ClCompile Include="unit\DockPanelTests.cpp"><Filter>unit</Filter></ClCompile>
    <ClCompile Include="unit\InvalidationTests.cpp"><Filter>unit</Filter></ClCompile>
    <ClCompile Include="unit\DirtyFlagsTests.cpp"><Filter>unit</Filter></ClCompile>
    <ClCompile Include="unit\SubtreeDirtyTests.cpp"><Filter>unit</Filter></ClCompile>
    <ClCompile Include="unit\PopupStateTests.cpp"><Filter>unit</Filter></ClCompile>
    <ClCompile Include="unit\SubscriptionTests.cpp"><Filter>unit</Filter></ClCompile>
    <ClCompile Include="unit\EventTests.cpp"><Filter>unit</Filter></ClCompile>
    <ClCompile Include="unit\RoutedEventTests.cpp"><Filter>unit</Filter></ClCompile>
    <ClCompile Include="unit\FocusManagerTests.cpp"><Filter>unit</Filter></ClCompile>
    <ClCompile Include="unit\InputManagerCaptureTests.cpp"><Filter>unit</Filter></ClCompile>
    <ClCompile Include="unit\ContextMenuTests.cpp"><Filter>unit</Filter></ClCompile>
    <ClCompile Include="unit\WindowServicesSubscriptionTests.cpp"><Filter>unit</Filter></ClCompile>
    <ClCompile Include="unit\CompositionBackendTests.cpp"><Filter>unit</Filter></ClCompile>
    <ClCompile Include="unit\ProgressBarCompositionTests.cpp"><Filter>unit</Filter></ClCompile>
    <ClCompile Include="unit\ScrollContentHostTests.cpp"><Filter>unit</Filter></ClCompile>
    <ClCompile Include="unit\TreeViewCompositionTests.cpp"><Filter>unit</Filter></ClCompile>
    <ClCompile Include="unit\TextAreaCompositionTests.cpp"><Filter>unit</Filter></ClCompile>
    <ClCompile Include="unit\LineIndexTests.cpp"><Filter>unit</Filter></ClCompile>
    <ClCompile Include="unit\LineLayoutCacheTests.cpp"><Filter>unit</Filter></ClCompile>
    <ClCompile Include="unit\LogSinkTests.cpp"><Filter>unit</Filter></ClCompile>
    <ClCompile Include="unit\WrapExtentMapTests.cpp"><Filter>unit</Filter></ClCompile>
    <ClCompile Include="unit\TextAreaLogAppendTests.cpp"><Filter>unit</Filter></ClCompile>
    <ClCompile Include="unit\TextAreaNoWrapTests.cpp"><Filter>unit</Filter></ClCompile>
    <ClCompile Include="unit\TextAreaWrapVirtualTests.cpp"><Filter>unit</Filter></ClCompile>
    <ClCompile Include="unit\VisibleLinesTests.cpp"><Filter>unit</Filter></ClCompile>
    <ClCompile Include="unit\WordBoundaryTests.cpp"><Filter>unit</Filter></ClCompile>
    <ClCompile Include="unit\ClickCounterTests.cpp"><Filter>unit</Filter></ClCompile>
    <ClCompile Include="unit\TextEditInteractionTests.cpp"><Filter>unit</Filter></ClCompile>
    <ClCompile Include="unit\TextEditMaxLengthTests.cpp"><Filter>unit</Filter></ClCompile>
    <ClCompile Include="unit\TextEditSelectionTests.cpp"><Filter>unit</Filter></ClCompile>
    <ClCompile Include="unit\TextEditInputPolicyTests.cpp"><Filter>unit</Filter></ClCompile>
    <ClCompile Include="unit\FramePacingTests.cpp"><Filter>unit</Filter></ClCompile>
    <ClCompile Include="unit\FrameSchedulerTests.cpp"><Filter>unit</Filter></ClCompile>
    <ClCompile Include="unit\AnimationRegistryTests.cpp"><Filter>unit</Filter></ClCompile>
    <ClCompile Include="unit\MeasureCacheTests.cpp"><Filter>unit</Filter></ClCompile>
    <ClCompile Include="unit\SetPropertyTests.cpp"><Filter>unit</Filter></ClCompile>
    <ClCompile Include="unit\UIContextTests.cpp"><Filter>unit</Filter></ClCompile>
    <ClCompile Include="unit\ThemeTokenTests.cpp"><Filter>unit</Filter></ClCompile>
    <ClCompile Include="unit\FocusVisualTests.cpp"><Filter>unit</Filter></ClCompile>
    <ClCompile Include="unit\WindowAppearanceTests.cpp"><Filter>unit</Filter></ClCompile>
    <ClCompile Include="unit\ThemeChangeInvalidationTests.cpp"><Filter>unit</Filter></ClCompile>
    <ClCompile Include="unit\ThemeOverrideTests.cpp"><Filter>unit</Filter></ClCompile>
    <ClCompile Include="unit\BorderTests.cpp"><Filter>unit</Filter></ClCompile>
    <ClCompile Include="unit\ButtonTests.cpp"><Filter>unit</Filter></ClCompile>
    <ClCompile Include="unit\ApplicationTests.cpp"><Filter>unit</Filter></ClCompile>
    <ClCompile Include="unit\FrameWaiterTests.cpp"><Filter>unit</Filter></ClCompile>
    <ClCompile Include="unit\PerformanceCountersTests.cpp"><Filter>unit</Filter></ClCompile>
    <ClCompile Include="unit\FrameRingTests.cpp"><Filter>unit</Filter></ClCompile>
    <ClCompile Include="unit\DebugHudTests.cpp"><Filter>unit</Filter></ClCompile>
    <ClCompile Include="unit\DirtyRegionTests.cpp"><Filter>unit</Filter></ClCompile>
    <ClCompile Include="unit\DirtyBoundsOverflowTests.cpp"><Filter>unit</Filter></ClCompile>
    <ClCompile Include="unit\ElementOpacityTests.cpp"><Filter>unit</Filter></ClCompile>
    <ClCompile Include="unit\OpacityTests.cpp"><Filter>unit</Filter></ClCompile>
    <ClCompile Include="unit\MenuBarLayoutTests.cpp"><Filter>unit</Filter></ClCompile>
    <ClCompile Include="unit\ResizeGripOuterTests.cpp"><Filter>unit</Filter></ClCompile>
    <ClCompile Include="unit\MinTrackSizeTests.cpp"><Filter>unit</Filter></ClCompile>
    <ClCompile Include="unit\ControlPropertyTests.cpp"><Filter>unit</Filter></ClCompile>
    <ClCompile Include="unit\ToggleVisualsTests.cpp"><Filter>unit</Filter></ClCompile>
    <ClCompile Include="unit\DialogApiTests.cpp"><Filter>unit</Filter></ClCompile>
    <ClCompile Include="unit\WindowLifecycleTests.cpp"><Filter>unit</Filter></ClCompile>
    <ClCompile Include="unit\SetVisibleLayoutTests.cpp"><Filter>unit</Filter></ClCompile>
    <ClCompile Include="unit\MessageDialogTests.cpp"><Filter>unit</Filter></ClCompile>
    <ClCompile Include="unit\PanelViewportCullingTests.cpp"><Filter>unit</Filter></ClCompile>
    <ClCompile Include="unit\DrawingContextCounterTests.cpp"><Filter>unit</Filter></ClCompile>
    <ClCompile Include="component\DWriteFormatTests.cpp"><Filter>component</Filter></ClCompile>
    <ClCompile Include="component\TextBlockLayoutCacheTests.cpp"><Filter>component</Filter></ClCompile>
    <ClCompile Include="component\LabelMeasureCacheTests.cpp"><Filter>component</Filter></ClCompile>
    <ClCompile Include="component\FocusRingPixelTests.cpp"><Filter>component</Filter></ClCompile>
    <ClCompile Include="component\ClippedFocusRingTests.cpp"><Filter>component</Filter></ClCompile>
    <ClCompile Include="component\TextDescenderClipTests.cpp"><Filter>component</Filter></ClCompile>
    <ClCompile Include="component\FocusRingClipMatrixTests.cpp"><Filter>component</Filter></ClCompile>
    <ClCompile Include="component\LabelWeightMeasureTests.cpp"><Filter>component</Filter></ClCompile>
    <ClCompile Include="unit\PanelChildManagementTests.cpp"><Filter>unit</Filter></ClCompile>
    <ClCompile Include="component\StockAnalyzerShapeTests.cpp"><Filter>component</Filter></ClCompile>
    <ClCompile Include="component\InitialStateNoAnimationTests.cpp"><Filter>component</Filter></ClCompile>
    <ClCompile Include="component\SelfInspectionTests.cpp"><Filter>component</Filter></ClCompile>
    <ClCompile Include="component\DisabledAndInteractionStateTests.cpp">
      <Filter>component</Filter>
    </ClCompile>
    <ClCompile Include="component\EmptyTextBoxCaretTests.cpp">
      <Filter>component</Filter>
    </ClCompile>
    <ClCompile Include="component\PopupOpacityTests.cpp">
      <Filter>component</Filter>
    </ClCompile>
    <ClCompile Include="component\ContentDrivenHeightTests.cpp"><Filter>component</Filter></ClCompile>
    <ClCompile Include="component\FrameWorkBudgetTests.cpp"><Filter>component</Filter></ClCompile>
    <ClCompile Include="component\TextBoxLayoutCacheTests.cpp"><Filter>component</Filter></ClCompile>
    <ClCompile Include="unit\AnimatedValueTests.cpp"><Filter>unit</Filter></ClCompile>
    <ClCompile Include="unit\ButtonBaseTests.cpp"><Filter>unit</Filter></ClCompile>
    <ClCompile Include="unit\DeviceLostControllerTests.cpp"><Filter>unit</Filter></ClCompile>
    <ClCompile Include="unit\DeviceLostStatePreservationTests.cpp"><Filter>unit</Filter></ClCompile>
    <ClCompile Include="unit\PopupGeometryTests.cpp"><Filter>unit</Filter></ClCompile>
    <ClCompile Include="unit\RangeBaseTests.cpp"><Filter>unit</Filter></ClCompile>
    <ClCompile Include="unit\ResourceCacheTests.cpp"><Filter>unit</Filter></ClCompile>
    <ClCompile Include="unit\ImageTests.cpp"><Filter>unit</Filter></ClCompile>
    <ClCompile Include="unit\UndoStackTests.cpp"><Filter>unit</Filter></ClCompile>
    <ClCompile Include="unit\FrameworkElementMinMaxTests.cpp"><Filter>unit</Filter></ClCompile>
    <ClCompile Include="unit\TextEditUndoTests.cpp"><Filter>unit</Filter></ClCompile>
    <ClCompile Include="unit\DragDropTests.cpp"><Filter>unit</Filter></ClCompile>
    <ClCompile Include="unit\ComboBoxTests.cpp"><Filter>unit</Filter></ClCompile>
    <ClCompile Include="unit\ViewboxTests.cpp"><Filter>unit</Filter></ClCompile>
    <ClCompile Include="unit\ListBoxTests.cpp"><Filter>unit</Filter></ClCompile>
    <ClCompile Include="unit\ListBoxMultiSelectTests.cpp"><Filter>unit</Filter></ClCompile>
    <ClCompile Include="unit\SelectorTests.cpp"><Filter>unit</Filter></ClCompile>
    <ClCompile Include="unit\SessionLogTests.cpp"><Filter>unit</Filter></ClCompile>
    <ClCompile Include="unit\TreeViewTypeAheadTests.cpp"><Filter>unit</Filter></ClCompile>
    <ClCompile Include="unit\TreeViewMultiSelectTests.cpp"><Filter>unit</Filter></ClCompile>
    <ClCompile Include="unit\ControlPropertyTests.cpp"><Filter>unit</Filter></ClCompile>
    <ClCompile Include="unit\TextEditInputPolicyTests.cpp"><Filter>unit</Filter></ClCompile>
    <ClCompile Include="unit\TabControlTests.cpp"><Filter>unit</Filter></ClCompile>
    <ClCompile Include="unit\DataGridTests.cpp"><Filter>unit</Filter></ClCompile>
    <ClCompile Include="unit\ChartTests.cpp"><Filter>unit</Filter></ClCompile>
    <ClCompile Include="unit\InfoBarMetricTests.cpp"><Filter>unit</Filter></ClCompile>
    <ClCompile Include="unit\ExpanderTests.cpp"><Filter>unit</Filter></ClCompile>
    <ClCompile Include="unit\ExpanderTransitionTests.cpp"><Filter>unit</Filter></ClCompile>
    <ClCompile Include="unit\GroupBoxTests.cpp"><Filter>unit</Filter></ClCompile>
    <ClCompile Include="unit\HyperlinkTests.cpp"><Filter>unit</Filter></ClCompile>
    <ClCompile Include="unit\CalendarConstraintsTests.cpp"><Filter>unit</Filter></ClCompile>
    <ClCompile Include="unit\CalendarTests.cpp"><Filter>unit</Filter></ClCompile>
    <ClCompile Include="unit\DatePickerTests.cpp"><Filter>unit</Filter></ClCompile>
    <ClCompile Include="unit\ScrollPanelTests.cpp"><Filter>unit</Filter></ClCompile>
    <ClCompile Include="unit\SeparatorTests.cpp"><Filter>unit</Filter></ClCompile>
    <ClCompile Include="unit\ToolBarTests.cpp"><Filter>unit</Filter></ClCompile>
    <ClCompile Include="unit\StatusBarTests.cpp"><Filter>unit</Filter></ClCompile>
    <ClCompile Include="unit\UniformGridTests.cpp"><Filter>unit</Filter></ClCompile>
    <ClCompile Include="unit\FrameworkElementMinMaxTests.cpp"><Filter>unit</Filter></ClCompile>
  </ItemGroup>
  <ItemGroup>
    <ClInclude Include="framework\Test.h"><Filter>framework</Filter></ClInclude>
    <ClInclude Include="framework\PixelSurface.h"><Filter>framework</Filter></ClInclude>
    <ClInclude Include="framework\FakeCompositionBackend.h"><Filter>framework</Filter></ClInclude>
    <ClInclude Include="unit\LayoutTestHelpers.h"><Filter>unit</Filter></ClInclude>
  </ItemGroup>
</Project>
