<?xml version="1.0" encoding="utf-8"?>
<Project ToolsVersion="4.0" xmlns="http://schemas.microsoft.com/developer/msbuild/2003">
  <ItemGroup>
    <Filter Include="core"><UniqueIdentifier>{11111111-1111-4111-8111-111111111111}</UniqueIdentifier></Filter>
    <Filter Include="controls"><UniqueIdentifier>{22222222-2222-4222-8222-222222222222}</UniqueIdentifier></Filter>
    <Filter Include="graphics"><UniqueIdentifier>{33333333-3333-4333-8333-333333333333}</UniqueIdentifier></Filter>
    <Filter Include="window"><UniqueIdentifier>{44444444-4444-4444-8444-444444444444}</UniqueIdentifier></Filter>
    <Filter Include="diagnostics"><UniqueIdentifier>{55555555-5555-4555-8555-555555555555}</UniqueIdentifier></Filter>
    <Filter Include="base"><UniqueIdentifier>{66666666-6666-4666-8666-666666666666}</UniqueIdentifier></Filter>
    <Filter Include="input"><UniqueIdentifier>{77777777-7777-4777-8777-777777777777}</UniqueIdentifier></Filter>
    <Filter Include="animation"><UniqueIdentifier>{88888888-8888-4888-8888-888888888888}</UniqueIdentifier></Filter>
    <Filter Include="styling"><UniqueIdentifier>{99999999-9999-4999-8999-999999999999}</UniqueIdentifier></Filter>
    <Filter Include="services"><UniqueIdentifier>{aaaaaaaa-aaaa-4aaa-8aaa-aaaaaaaaaaaa}</UniqueIdentifier></Filter>
    <Filter Include="layout"><UniqueIdentifier>{bbbbbbbb-bbbb-4bbb-8bbb-bbbbbbbbbbbb}</UniqueIdentifier></Filter>
    <Filter Include="controls\primitives"><UniqueIdentifier>{cccccccc-cccc-4ccc-8ccc-cccccccccccc}</UniqueIdentifier></Filter>
    <Filter Include="composition"><UniqueIdentifier>{dddddddd-dddd-4ddd-8ddd-dddddddddddd}</UniqueIdentifier></Filter>
    <Filter Include="text"><UniqueIdentifier>{eeeeeeee-eeee-4eee-8eee-eeeeeeeeeeee}</UniqueIdentifier></Filter>
    <Filter Include="dialogs"><UniqueIdentifier>{ffffffff-ffff-4fff-8fff-ffffffffffff}</UniqueIdentifier></Filter>
  </ItemGroup>
  <ItemGroup>
    <ClInclude Include="fl_common.h" />
    <ClInclude Include="Api.h" />
    <ClInclude Include="Application.h" />
    <ClInclude Include="FluentUI.h" />
    <ClInclude Include="base\Event.h"><Filter>base</Filter></ClInclude>
    <ClInclude Include="input\InputTypes.h"><Filter>input</Filter></ClInclude>
    <ClInclude Include="input\RoutedEvent.h"><Filter>input</Filter></ClInclude>
    <ClInclude Include="input\ClickCounter.h"><Filter>input</Filter></ClInclude>
    <ClInclude Include="input\DragDrop.h"><Filter>input</Filter></ClInclude>
    <ClInclude Include="input\FocusManager.h"><Filter>input</Filter></ClInclude>
    <ClInclude Include="input\InputManager.h"><Filter>input</Filter></ClInclude>
    <ClInclude Include="styling\ThemeTokens.h"><Filter>styling</Filter></ClInclude>
    <ClInclude Include="styling\ThemeManager.h"><Filter>styling</Filter></ClInclude>
    <ClInclude Include="animation\Animation.h"><Filter>animation</Filter></ClInclude>
    <ClInclude Include="animation\AnimatedValue.h"><Filter>animation</Filter></ClInclude>
    <ClInclude Include="controls\primitives\ButtonBase.h"><Filter>controls\primitives</Filter></ClInclude>
    <ClInclude Include="core\ContentControl.h"><Filter>core</Filter></ClInclude>
    <ClInclude Include="core\Visual.h"><Filter>core</Filter></ClInclude>
    <ClInclude Include="core\UIElement.h"><Filter>core</Filter></ClInclude>
    <ClInclude Include="core\FrameworkElement.h"><Filter>core</Filter></ClInclude>
    <ClInclude Include="core\Control.h"><Filter>core</Filter></ClInclude>
    <ClInclude Include="controls\primitives\ToggleButton.h"><Filter>controls\primitives</Filter></ClInclude>
    <ClInclude Include="controls\primitives\RangeBase.h"><Filter>controls\primitives</Filter></ClInclude>
    <ClInclude Include="controls\primitives\ItemsControl.h"><Filter>controls\primitives</Filter></ClInclude>
    <ClInclude Include="controls\primitives\Selector.h"><Filter>controls\primitives</Filter></ClInclude>
    <ClInclude Include="core\ScrollMath.h"><Filter>core</Filter></ClInclude>
    <ClInclude Include="core\UIContext.h"><Filter>core</Filter></ClInclude>
    <ClInclude Include="graphics\DrawingContext.h"><Filter>graphics</Filter></ClInclude>
    <ClInclude Include="styling\FocusVisual.h"><Filter>styling</Filter></ClInclude>
    <ClInclude Include="core\IContextMenu.h"><Filter>core</Filter></ClInclude>
    <ClInclude Include="core\Layout.h"><Filter>core</Filter></ClInclude>
    <ClInclude Include="core\Invalidation.h"><Filter>core</Filter></ClInclude>
    <ClInclude Include="core\Subscription.h"><Filter>core</Filter></ClInclude>
    <ClInclude Include="animation\AnimationRegistry.h"><Filter>animation</Filter></ClInclude>
    <ClInclude Include="layout\Border.h"><Filter>layout</Filter></ClInclude>
    <ClInclude Include="layout\GroupBox.h"><Filter>layout</Filter></ClInclude>
    <ClInclude Include="controls\Button.h"><Filter>controls</Filter></ClInclude>
    <ClInclude Include="controls\GridSplitter.h"><Filter>controls</Filter></ClInclude>
    <ClInclude Include="controls\ContentDialog.h"><Filter>controls</Filter></ClInclude>
    <ClInclude Include="controls\MessageDialog.h"><Filter>controls</Filter></ClInclude>
    <ClInclude Include="controls\TabControl.h"><Filter>controls</Filter></ClInclude>
    <ClInclude Include="controls\Hyperlink.h"><Filter>controls</Filter></ClInclude>
    <ClInclude Include="controls\Calendar.h"><Filter>controls</Filter></ClInclude>
    <ClInclude Include="controls\DatePicker.h"><Filter>controls</Filter></ClInclude>
    <ClInclude Include="controls\ToolBar.h"><Filter>controls</Filter></ClInclude>
    <ClInclude Include="controls\StatusBar.h"><Filter>controls</Filter></ClInclude>
    <ClInclude Include="controls\Rating.h"><Filter>controls</Filter></ClInclude>
    <ClInclude Include="controls\NumericUpDown.h"><Filter>controls</Filter></ClInclude>
    <ClInclude Include="dialogs\FileDialog.h"><Filter>dialogs</Filter></ClInclude>
    <ClInclude Include="layout\Panel.h"><Filter>layout</Filter></ClInclude>
    <ClInclude Include="layout\StackPanel.h"><Filter>layout</Filter></ClInclude>
    <ClInclude Include="layout\WrapPanel.h"><Filter>layout</Filter></ClInclude>
    <ClInclude Include="layout\UniformGrid.h"><Filter>layout</Filter></ClInclude>
    <ClInclude Include="layout\Grid.h"><Filter>layout</Filter></ClInclude>
    <ClInclude Include="layout\Canvas.h"><Filter>layout</Filter></ClInclude>
    <ClInclude Include="layout\DockPanel.h"><Filter>layout</Filter></ClInclude>
    <ClInclude Include="layout\Viewbox.h"><Filter>layout</Filter></ClInclude>
    <ClInclude Include="controls\TextBlock.h"><Filter>controls</Filter></ClInclude>
    <ClInclude Include="layout\ScrollPanel.h"><Filter>layout</Filter></ClInclude>
    <ClInclude Include="layout\ScrollViewer.h"><Filter>layout</Filter></ClInclude>
    <ClInclude Include="controls\TreeView.h"><Filter>controls</Filter></ClInclude>
    <ClInclude Include="controls\ListBox.h"><Filter>controls</Filter></ClInclude>
    <ClInclude Include="controls\Image.h"><Filter>controls</Filter></ClInclude>
    <ClInclude Include="controls\TextEditBase.h"><Filter>controls</Filter></ClInclude>
    <ClInclude Include="controls\TextBox.h"><Filter>controls</Filter></ClInclude>
    <ClInclude Include="controls\PasswordBox.h"><Filter>controls</Filter></ClInclude>
    <ClInclude Include="controls\TextArea.h"><Filter>controls</Filter></ClInclude>
    <ClInclude Include="text\LineIndex.h"><Filter>text</Filter></ClInclude>
    <ClInclude Include="text\LineLayoutCache.h"><Filter>text</Filter></ClInclude>
    <ClInclude Include="text\LogSink.h"><Filter>text</Filter></ClInclude>
    <ClInclude Include="text\VisibleLines.h"><Filter>text</Filter></ClInclude>
    <ClInclude Include="text\WrapExtentMap.h"><Filter>text</Filter></ClInclude>
    <ClInclude Include="text\WordBoundary.h"><Filter>text</Filter></ClInclude>
    <ClInclude Include="text\UndoStack.h"><Filter>text</Filter></ClInclude>
    <ClInclude Include="controls\CheckBox.h"><Filter>controls</Filter></ClInclude>
    <ClInclude Include="controls\RadioButton.h"><Filter>controls</Filter></ClInclude>
    <ClInclude Include="controls\ToggleSwitch.h"><Filter>controls</Filter></ClInclude>
    <ClInclude Include="controls\ToggleVisuals.h"><Filter>controls</Filter></ClInclude>
    <ClInclude Include="controls\Slider.h"><Filter>controls</Filter></ClInclude>
    <ClInclude Include="controls\InfoBar.h"><Filter>controls</Filter></ClInclude>
    <ClInclude Include="controls\Metric.h"><Filter>controls</Filter></ClInclude>
    <ClInclude Include="controls\DataGrid.h"><Filter>controls</Filter></ClInclude>
    <ClInclude Include="controls\Chart.h"><Filter>controls</Filter></ClInclude>
    <ClInclude Include="controls\Separator.h"><Filter>controls</Filter></ClInclude>
    <ClInclude Include="controls\ProgressBar.h"><Filter>controls</Filter></ClInclude>
    <ClInclude Include="controls\ProgressSweepVisual.h"><Filter>controls</Filter></ClInclude>
    <ClInclude Include="controls\ComboBox.h"><Filter>controls</Filter></ClInclude>
    <ClInclude Include="controls\Expander.h"><Filter>controls</Filter></ClInclude>
    <ClInclude Include="controls\MenuFlyout.h"><Filter>controls</Filter></ClInclude>
    <ClInclude Include="controls\MenuBar.h"><Filter>controls</Filter></ClInclude>
    <ClInclude Include="graphics\D2DContext.h"><Filter>graphics</Filter></ClInclude>
    <ClInclude Include="graphics\DWriteContext.h"><Filter>graphics</Filter></ClInclude>
    <ClInclude Include="graphics\DCompHost.h"><Filter>graphics</Filter></ClInclude>
    <ClInclude Include="composition\ICompositionBackend.h"><Filter>composition</Filter></ClInclude>
    <ClInclude Include="composition\DCompCompositionBackend.h"><Filter>composition</Filter></ClInclude>
    <ClInclude Include="composition\ScrollContentHost.h"><Filter>composition</Filter></ClInclude>
    <ClInclude Include="composition\OverlaySignature.h"><Filter>composition</Filter></ClInclude>
    <ClInclude Include="graphics\ResourceCache.h"><Filter>graphics</Filter></ClInclude>
    <ClInclude Include="graphics\DeviceLostController.h"><Filter>graphics</Filter></ClInclude>
    <ClInclude Include="window\NativeWindowHost.h"><Filter>window</Filter></ClInclude>
    <ClInclude Include="window\GraphicsHost.h"><Filter>window</Filter></ClInclude>
    <ClInclude Include="window\InputHost.h"><Filter>window</Filter></ClInclude>
    <ClInclude Include="window\FrameHost.h"><Filter>window</Filter></ClInclude>
    <ClInclude Include="window\ThemeHost.h"><Filter>window</Filter></ClInclude>
    <ClInclude Include="window\DiagnosticsHost.h"><Filter>window</Filter></ClInclude>
    <ClInclude Include="window\Window.h"><Filter>window</Filter></ClInclude>
    <ClInclude Include="window\DialogWindow.h"><Filter>window</Filter></ClInclude>
    <ClInclude Include="window\DialogHost.h"><Filter>window</Filter></ClInclude>
    <ClInclude Include="window\FrameScheduler.h"><Filter>window</Filter></ClInclude>
    <ClInclude Include="services\PopupHost.h"><Filter>services</Filter></ClInclude>
    <ClInclude Include="services\PopupGeometry.h"><Filter>services</Filter></ClInclude>
    <ClInclude Include="window\DirtyRegion.h"><Filter>window</Filter></ClInclude>
    <ClInclude Include="window\FramePacing.h"><Filter>window</Filter></ClInclude>
    <ClInclude Include="window\FrameWaiter.h"><Filter>window</Filter></ClInclude>
    <ClInclude Include="window\ModalFrameHeartbeat.h"><Filter>window</Filter></ClInclude>
    <ClInclude Include="WindowRegistry.h" />
    <ClInclude Include="services\PopupState.h"><Filter>services</Filter></ClInclude>
    <ClInclude Include="services\TooltipService.h"><Filter>services</Filter></ClInclude>
    <ClInclude Include="window\WindowServices.h"><Filter>window</Filter></ClInclude>
    <ClInclude Include="window\WindowAppearance.h"><Filter>window</Filter></ClInclude>
    <ClInclude Include="window\WindowState.h"><Filter>window</Filter></ClInclude>
    <ClInclude Include="diagnostics\LayoutCostProbe.h"><Filter>diagnostics</Filter></ClInclude>
    <ClInclude Include="diagnostics\PerformanceCounters.h"><Filter>diagnostics</Filter></ClInclude>
    <ClInclude Include="diagnostics\FrameRing.h"><Filter>diagnostics</Filter></ClInclude>
    <ClInclude Include="diagnostics\DebugHud.h"><Filter>diagnostics</Filter></ClInclude>
    <ClInclude Include="diagnostics\SessionLog.h"><Filter>diagnostics</Filter></ClInclude>
  </ItemGroup>
  <ItemGroup>
    <ClCompile Include="Application.cpp" />
    <ClCompile Include="styling\ThemeManager.cpp"><Filter>styling</Filter></ClCompile>
    <ClCompile Include="animation\Animation.cpp"><Filter>animation</Filter></ClCompile>
    <ClCompile Include="core\Visual.cpp"><Filter>core</Filter></ClCompile>
    <ClCompile Include="core\UIElement.cpp"><Filter>core</Filter></ClCompile>
    <ClCompile Include="core\Control.cpp"><Filter>core</Filter></ClCompile>
    <ClCompile Include="animation\AnimationRegistry.cpp"><Filter>animation</Filter></ClCompile>
    <ClCompile Include="input\DragDrop.cpp"><Filter>input</Filter></ClCompile>
    <ClCompile Include="input\FocusManager.cpp"><Filter>input</Filter></ClCompile>
    <ClCompile Include="input\InputManager.cpp"><Filter>input</Filter></ClCompile>
    <ClCompile Include="layout\Border.cpp"><Filter>layout</Filter></ClCompile>
    <ClCompile Include="layout\GroupBox.cpp"><Filter>layout</Filter></ClCompile>
    <ClCompile Include="controls\Button.cpp"><Filter>controls</Filter></ClCompile>
    <ClCompile Include="controls\GridSplitter.cpp"><Filter>controls</Filter></ClCompile>
    <ClCompile Include="controls\ContentDialog.cpp"><Filter>controls</Filter></ClCompile>
    <ClCompile Include="controls\MessageDialog.cpp"><Filter>controls</Filter></ClCompile>
    <ClCompile Include="controls\TabControl.cpp"><Filter>controls</Filter></ClCompile>
    <ClCompile Include="controls\Hyperlink.cpp"><Filter>controls</Filter></ClCompile>
    <ClCompile Include="controls\Calendar.cpp"><Filter>controls</Filter></ClCompile>
    <ClCompile Include="controls\DatePicker.cpp"><Filter>controls</Filter></ClCompile>
    <ClCompile Include="controls\ToolBar.cpp"><Filter>controls</Filter></ClCompile>
    <ClCompile Include="controls\StatusBar.cpp"><Filter>controls</Filter></ClCompile>
    <ClCompile Include="controls\Rating.cpp"><Filter>controls</Filter></ClCompile>
    <ClCompile Include="controls\NumericUpDown.cpp"><Filter>controls</Filter></ClCompile>
    <ClCompile Include="controls\ToolTip.cpp"><Filter>controls</Filter></ClCompile>
    <ClCompile Include="controls\ToggleButton.cpp"><Filter>controls</Filter></ClCompile>
    <ClCompile Include="controls\SplitButton.cpp"><Filter>controls</Filter></ClCompile>
    <ClCompile Include="dialogs\FileDialog.cpp"><Filter>dialogs</Filter></ClCompile>
    <ClCompile Include="layout\Panel.cpp"><Filter>layout</Filter></ClCompile>
    <ClCompile Include="layout\StackPanel.cpp"><Filter>layout</Filter></ClCompile>
    <ClCompile Include="layout\WrapPanel.cpp"><Filter>layout</Filter></ClCompile>
    <ClCompile Include="layout\UniformGrid.cpp"><Filter>layout</Filter></ClCompile>
    <ClCompile Include="layout\Grid.cpp"><Filter>layout</Filter></ClCompile>
    <ClCompile Include="layout\Canvas.cpp"><Filter>layout</Filter></ClCompile>
    <ClCompile Include="layout\DockPanel.cpp"><Filter>layout</Filter></ClCompile>
    <ClCompile Include="layout\Viewbox.cpp"><Filter>layout</Filter></ClCompile>
    <ClCompile Include="controls\TextBlock.cpp"><Filter>controls</Filter></ClCompile>
    <ClCompile Include="layout\ScrollPanel.cpp"><Filter>layout</Filter></ClCompile>
    <ClCompile Include="layout\ScrollViewer.cpp"><Filter>layout</Filter></ClCompile>
    <ClCompile Include="controls\TreeView.cpp"><Filter>controls</Filter></ClCompile>
    <ClCompile Include="controls\ListBox.cpp"><Filter>controls</Filter></ClCompile>
    <ClCompile Include="controls\Image.cpp"><Filter>controls</Filter></ClCompile>
    <ClCompile Include="controls\TextEditBase.cpp"><Filter>controls</Filter></ClCompile>
    <ClCompile Include="controls\TextBox.cpp"><Filter>controls</Filter></ClCompile>
    <ClCompile Include="controls\PasswordBox.cpp"><Filter>controls</Filter></ClCompile>
    <ClCompile Include="controls\TextArea.cpp"><Filter>controls</Filter></ClCompile>
    <ClCompile Include="text\LineIndex.cpp"><Filter>text</Filter></ClCompile>
    <ClCompile Include="text\LineLayoutCache.cpp"><Filter>text</Filter></ClCompile>
    <ClCompile Include="text\LogSink.cpp"><Filter>text</Filter></ClCompile>
    <ClCompile Include="text\WrapExtentMap.cpp"><Filter>text</Filter></ClCompile>
    <ClCompile Include="text\UndoStack.cpp"><Filter>text</Filter></ClCompile>
    <ClCompile Include="controls\CheckBox.cpp"><Filter>controls</Filter></ClCompile>
    <ClCompile Include="controls\ToggleVisuals.cpp"><Filter>controls</Filter></ClCompile>
    <ClCompile Include="controls\RadioButton.cpp"><Filter>controls</Filter></ClCompile>
    <ClCompile Include="controls\ToggleSwitch.cpp"><Filter>controls</Filter></ClCompile>
    <ClCompile Include="controls\Slider.cpp"><Filter>controls</Filter></ClCompile>
    <ClCompile Include="controls\InfoBar.cpp"><Filter>controls</Filter></ClCompile>
    <ClCompile Include="controls\Metric.cpp"><Filter>controls</Filter></ClCompile>
    <ClCompile Include="controls\DataGrid.cpp"><Filter>controls</Filter></ClCompile>
    <ClCompile Include="controls\Chart.cpp"><Filter>controls</Filter></ClCompile>
    <ClCompile Include="controls\Separator.cpp"><Filter>controls</Filter></ClCompile>
    <ClCompile Include="controls\ProgressBar.cpp"><Filter>controls</Filter></ClCompile>
    <ClCompile Include="controls\ProgressSweepVisual.cpp"><Filter>controls</Filter></ClCompile>
    <ClCompile Include="controls\ComboBox.cpp"><Filter>controls</Filter></ClCompile>
    <ClCompile Include="controls\Expander.cpp"><Filter>controls</Filter></ClCompile>
    <ClCompile Include="controls\MenuFlyout.cpp"><Filter>controls</Filter></ClCompile>
    <ClCompile Include="controls\MenuBar.cpp"><Filter>controls</Filter></ClCompile>
    <ClCompile Include="graphics\D2DContext.cpp"><Filter>graphics</Filter></ClCompile>
    <ClCompile Include="graphics\DWriteContext.cpp"><Filter>graphics</Filter></ClCompile>
    <ClCompile Include="graphics\DCompHost.cpp"><Filter>graphics</Filter></ClCompile>
    <ClCompile Include="composition\DCompCompositionBackend.cpp"><Filter>composition</Filter></ClCompile>
    <ClCompile Include="composition\ScrollContentHost.cpp"><Filter>composition</Filter></ClCompile>
    <ClCompile Include="graphics\ResourceCache.cpp"><Filter>graphics</Filter></ClCompile>
    <ClCompile Include="graphics\DeviceLostController.cpp"><Filter>graphics</Filter></ClCompile>
    <ClCompile Include="window\NativeWindowHost.cpp"><Filter>window</Filter></ClCompile>
    <ClCompile Include="window\GraphicsHost.cpp"><Filter>window</Filter></ClCompile>
    <ClCompile Include="window\InputHost.cpp"><Filter>window</Filter></ClCompile>
    <ClCompile Include="window\FrameHost.cpp"><Filter>window</Filter></ClCompile>
    <ClCompile Include="window\ThemeHost.cpp"><Filter>window</Filter></ClCompile>
    <ClCompile Include="window\DiagnosticsHost.cpp"><Filter>window</Filter></ClCompile>
    <ClCompile Include="window\Window.cpp"><Filter>window</Filter></ClCompile>
    <ClCompile Include="window\DialogWindow.cpp"><Filter>window</Filter></ClCompile>
    <ClCompile Include="window\DialogHost.cpp"><Filter>window</Filter></ClCompile>
    <ClCompile Include="window\FrameScheduler.cpp"><Filter>window</Filter></ClCompile>
    <ClCompile Include="services\PopupHost.cpp"><Filter>services</Filter></ClCompile>
    <ClCompile Include="window\WindowAppearance.cpp"><Filter>window</Filter></ClCompile>
    <ClCompile Include="services\TooltipService.cpp"><Filter>services</Filter></ClCompile>
    <ClCompile Include="diagnostics\DisplaySyncScheduler.cpp"><Filter>diagnostics</Filter></ClCompile>
    <ClCompile Include="diagnostics\LayoutCostProbe.cpp"><Filter>diagnostics</Filter></ClCompile>
    <ClCompile Include="diagnostics\PerformanceCounters.cpp"><Filter>diagnostics</Filter></ClCompile>
    <ClCompile Include="diagnostics\SessionLog.cpp"><Filter>diagnostics</Filter></ClCompile>
  </ItemGroup>
</Project>
